// !$*UTF8*$!
{
	archiveVersion = 1;
	classes = {
	};
	objectVersion = 50;
	objects = {

/* Begin PBXBuildFile section */
		3A8F116325262C82002AA5C1 /* AppDelegate.swift in Sources */ = {isa = PBXBuildFile; fileRef = 3A8F116225262C82002AA5C1 /* AppDelegate.swift */; };
		3A8F116525262C82002AA5C1 /* SceneDelegate.swift in Sources */ = {isa = PBXBuildFile; fileRef = 3A8F116425262C82002AA5C1 /* SceneDelegate.swift */; };
		3A8F116725262C82002AA5C1 /* RootViewController.swift in Sources */ = {isa = PBXBuildFile; fileRef = 3A8F116625262C82002AA5C1 /* RootViewController.swift */; };
		3A8F116A25262C82002AA5C1 /* Main.storyboard in Resources */ = {isa = PBXBuildFile; fileRef = 3A8F116825262C82002AA5C1 /* Main.storyboard */; };
		3A8F116C25262C84002AA5C1 /* Assets.xcassets in Resources */ = {isa = PBXBuildFile; fileRef = 3A8F116B25262C84002AA5C1 /* Assets.xcassets */; };
		3A8F116F25262C84002AA5C1 /* LaunchScreen.storyboard in Resources */ = {isa = PBXBuildFile; fileRef = 3A8F116D25262C84002AA5C1 /* LaunchScreen.storyboard */; };
		3A8F117825264DDE002AA5C1 /* RobotViewController.swift in Sources */ = {isa = PBXBuildFile; fileRef = 3A8F117725264DDE002AA5C1 /* RobotViewController.swift */; };
		3A8F119C25308C39002AA5C1 /* ControlsViewController.swift in Sources */ = {isa = PBXBuildFile; fileRef = 3A8F119B25308C39002AA5C1 /* ControlsViewController.swift */; };
		3A8F119E2530FA13002AA5C1 /* ImageEggViewController.swift in Sources */ = {isa = PBXBuildFile; fileRef = 3A8F119D2530FA13002AA5C1 /* ImageEggViewController.swift */; };
		C207C3FF2530D98000EEEDCC /* ReceiptsViewController.swift in Sources */ = {isa = PBXBuildFile; fileRef = C207C3FE2530D98000EEEDCC /* ReceiptsViewController.swift */; };
		C207C4032530DAC300EEEDCC /* ReceiptTableCell.swift in Sources */ = {isa = PBXBuildFile; fileRef = C207C4022530DAC300EEEDCC /* ReceiptTableCell.swift */; };
		C207C4082531C46E00EEEDCC /* LoginViewController.swift in Sources */ = {isa = PBXBuildFile; fileRef = C207C4072531C46E00EEEDCC /* LoginViewController.swift */; };
		C207C40B2531C51900EEEDCC /* WelcomeViewController.swift in Sources */ = {isa = PBXBuildFile; fileRef = C207C40A2531C51900EEEDCC /* WelcomeViewController.swift */; };
/* End PBXBuildFile section */

/* Begin PBXFileReference section */
		3A8F115F25262C82002AA5C1 /* test.app */ = {isa = PBXFileReference; explicitFileType = wrapper.application; includeInIndex = 0; path = test.app; sourceTree = BUILT_PRODUCTS_DIR; };
		3A8F116225262C82002AA5C1 /* AppDelegate.swift */ = {isa = PBXFileReference; lastKnownFileType = sourcecode.swift; path = AppDelegate.swift; sourceTree = "<group>"; };
		3A8F116425262C82002AA5C1 /* SceneDelegate.swift */ = {isa = PBXFileReference; lastKnownFileType = sourcecode.swift; path = SceneDelegate.swift; sourceTree = "<group>"; };
		3A8F116625262C82002AA5C1 /* RootViewController.swift */ = {isa = PBXFileReference; lastKnownFileType = sourcecode.swift; path = RootViewController.swift; sourceTree = "<group>"; };
		3A8F116925262C82002AA5C1 /* Base */ = {isa = PBXFileReference; lastKnownFileType = file.storyboard; name = Base; path = Base.lproj/Main.storyboard; sourceTree = "<group>"; };
		3A8F116B25262C84002AA5C1 /* Assets.xcassets */ = {isa = PBXFileReference; lastKnownFileType = folder.assetcatalog; path = Assets.xcassets; sourceTree = "<group>"; };
		3A8F116E25262C84002AA5C1 /* Base */ = {isa = PBXFileReference; lastKnownFileType = file.storyboard; name = Base; path = Base.lproj/LaunchScreen.storyboard; sourceTree = "<group>"; };
		3A8F117025262C84002AA5C1 /* Info.plist */ = {isa = PBXFileReference; lastKnownFileType = text.plist.xml; path = Info.plist; sourceTree = "<group>"; };
		3A8F117725264DDE002AA5C1 /* RobotViewController.swift */ = {isa = PBXFileReference; lastKnownFileType = sourcecode.swift; path = RobotViewController.swift; sourceTree = "<group>"; };
		3A8F119B25308C39002AA5C1 /* ControlsViewController.swift */ = {isa = PBXFileReference; lastKnownFileType = sourcecode.swift; path = ControlsViewController.swift; sourceTree = "<group>"; };
		3A8F119D2530FA13002AA5C1 /* ImageEggViewController.swift */ = {isa = PBXFileReference; lastKnownFileType = sourcecode.swift; path = ImageEggViewController.swift; sourceTree = "<group>"; };
		C207C3FE2530D98000EEEDCC /* ReceiptsViewController.swift */ = {isa = PBXFileReference; lastKnownFileType = sourcecode.swift; path = ReceiptsViewController.swift; sourceTree = "<group>"; };
		C207C4022530DAC300EEEDCC /* ReceiptTableCell.swift */ = {isa = PBXFileReference; lastKnownFileType = sourcecode.swift; path = ReceiptTableCell.swift; sourceTree = "<group>"; };
		C207C4072531C46E00EEEDCC /* LoginViewController.swift */ = {isa = PBXFileReference; lastKnownFileType = sourcecode.swift; path = LoginViewController.swift; sourceTree = "<group>"; };
		C207C40A2531C51900EEEDCC /* WelcomeViewController.swift */ = {isa = PBXFileReference; lastKnownFileType = sourcecode.swift; path = WelcomeViewController.swift; sourceTree = "<group>"; };
/* End PBXFileReference section */

/* Begin PBXFrameworksBuildPhase section */
		3A8F115C25262C82002AA5C1 /* Frameworks */ = {
			isa = PBXFrameworksBuildPhase;
			buildActionMask = 2147483647;
			files = (
			);
			runOnlyForDeploymentPostprocessing = 0;
		};
/* End PBXFrameworksBuildPhase section */

/* Begin PBXGroup section */
		3A8F115625262C82002AA5C1 = {
			isa = PBXGroup;
			children = (
				3A8F116125262C82002AA5C1 /* test */,
				3A8F116025262C82002AA5C1 /* Products */,
			);
			sourceTree = "<group>";
		};
		3A8F116025262C82002AA5C1 /* Products */ = {
			isa = PBXGroup;
			children = (
				3A8F115F25262C82002AA5C1 /* test.app */,
			);
			name = Products;
			sourceTree = "<group>";
		};
		3A8F116125262C82002AA5C1 /* test */ = {
			isa = PBXGroup;
			children = (
				C207C4012530DA9200EEEDCC /* Views */,
				3A8F117625264095002AA5C1 /* ViewControllers */,
				3A8F116225262C82002AA5C1 /* AppDelegate.swift */,
				3A8F116425262C82002AA5C1 /* SceneDelegate.swift */,
				3A8F116825262C82002AA5C1 /* Main.storyboard */,
				3A8F116B25262C84002AA5C1 /* Assets.xcassets */,
				3A8F116D25262C84002AA5C1 /* LaunchScreen.storyboard */,
				3A8F117025262C84002AA5C1 /* Info.plist */,
			);
			path = test;
			sourceTree = "<group>";
		};
		3A8F117625264095002AA5C1 /* ViewControllers */ = {
			isa = PBXGroup;
			children = (
				3A8F116625262C82002AA5C1 /* RootViewController.swift */,
				3A8F117725264DDE002AA5C1 /* RobotViewController.swift */,
				3A8F119B25308C39002AA5C1 /* ControlsViewController.swift */,
				C207C3FE2530D98000EEEDCC /* ReceiptsViewController.swift */,
				3A8F119D2530FA13002AA5C1 /* ImageEggViewController.swift */,
				C207C4072531C46E00EEEDCC /* LoginViewController.swift */,
				C207C40A2531C51900EEEDCC /* WelcomeViewController.swift */,
			);
			path = ViewControllers;
			sourceTree = "<group>";
		};
		C207C4012530DA9200EEEDCC /* Views */ = {
			isa = PBXGroup;
			children = (
				C207C4022530DAC300EEEDCC /* ReceiptTableCell.swift */,
			);
			path = Views;
			sourceTree = "<group>";
		};
/* End PBXGroup section */

/* Begin PBXNativeTarget section */
		3A8F115E25262C82002AA5C1 /* test */ = {
			isa = PBXNativeTarget;
			buildConfigurationList = 3A8F117325262C84002AA5C1 /* Build configuration list for PBXNativeTarget "test" */;
			buildPhases = (
				3A8F115B25262C82002AA5C1 /* Sources */,
				3A8F115C25262C82002AA5C1 /* Frameworks */,
				3A8F115D25262C82002AA5C1 /* Resources */,
			);
			buildRules = (
			);
			dependencies = (
			);
			name = test;
			productName = test;
			productReference = 3A8F115F25262C82002AA5C1 /* test.app */;
			productType = "com.apple.product-type.application";
		};
/* End PBXNativeTarget section */

/* Begin PBXProject section */
		3A8F115725262C82002AA5C1 /* Project object */ = {
			isa = PBXProject;
			attributes = {
				LastSwiftUpdateCheck = 1160;
				LastUpgradeCheck = 1160;
				ORGANIZATIONNAME = "Tony Jem";
				TargetAttributes = {
					3A8F115E25262C82002AA5C1 = {
						CreatedOnToolsVersion = 11.6;
					};
				};
			};
			buildConfigurationList = 3A8F115A25262C82002AA5C1 /* Build configuration list for PBXProject "test" */;
			compatibilityVersion = "Xcode 9.3";
			developmentRegion = en;
			hasScannedForEncodings = 0;
			knownRegions = (
				en,
				Base,
			);
			mainGroup = 3A8F115625262C82002AA5C1;
			productRefGroup = 3A8F116025262C82002AA5C1 /* Products */;
			projectDirPath = "";
			projectRoot = "";
			targets = (
				3A8F115E25262C82002AA5C1 /* test */,
			);
		};
/* End PBXProject section */

/* Begin PBXResourcesBuildPhase section */
		3A8F115D25262C82002AA5C1 /* Resources */ = {
			isa = PBXResourcesBuildPhase;
			buildActionMask = 2147483647;
			files = (
				3A8F116F25262C84002AA5C1 /* LaunchScreen.storyboard in Resources */,
				3A8F116C25262C84002AA5C1 /* Assets.xcassets in Resources */,
				3A8F116A25262C82002AA5C1 /* Main.storyboard in Resources */,
			);
			runOnlyForDeploymentPostprocessing = 0;
		};
/* End PBXResourcesBuildPhase section */

/* Begin PBXSourcesBuildPhase section */
		3A8F115B25262C82002AA5C1 /* Sources */ = {
			isa = PBXSourcesBuildPhase;
			buildActionMask = 2147483647;
			files = (
				C207C4082531C46E00EEEDCC /* LoginViewController.swift in Sources */,
				C207C40B2531C51900EEEDCC /* WelcomeViewController.swift in Sources */,
				3A8F116725262C82002AA5C1 /* RootViewController.swift in Sources */,
				C207C3FF2530D98000EEEDCC /* ReceiptsViewController.swift in Sources */,
				C207C4032530DAC300EEEDCC /* ReceiptTableCell.swift in Sources */,
				3A8F117825264DDE002AA5C1 /* RobotViewController.swift in Sources */,
				3A8F119E2530FA13002AA5C1 /* ImageEggViewController.swift in Sources */,
				3A8F116325262C82002AA5C1 /* AppDelegate.swift in Sources */,
				3A8F119C25308C39002AA5C1 /* ControlsViewController.swift in Sources */,
				3A8F116525262C82002AA5C1 /* SceneDelegate.swift in Sources */,
			);
			runOnlyForDeploymentPostprocessing = 0;
		};
/* End PBXSourcesBuildPhase section */

/* Begin PBXVariantGroup section */
		3A8F116825262C82002AA5C1 /* Main.storyboard */ = {
			isa = PBXVariantGroup;
			children = (
				3A8F116925262C82002AA5C1 /* Base */,
			);
			name = Main.storyboard;
			sourceTree = "<group>";
		};
		3A8F116D25262C84002AA5C1 /* LaunchScreen.storyboard */ = {
			isa = PBXVariantGroup;
			children = (
				3A8F116E25262C84002AA5C1 /* Base */,
			);
			name = LaunchScreen.storyboard;
			sourceTree = "<group>";
		};
/* End PBXVariantGroup section */

/* Begin XCBuildConfiguration section */
		3A8F117125262C84002AA5C1 /* Debug */ = {
			isa = XCBuildConfiguration;
			buildSettings = {
				ALWAYS_SEARCH_USER_PATHS = NO;
				CLANG_ANALYZER_NONNULL = YES;
				CLANG_ANALYZER_NUMBER_OBJECT_CONVERSION = YES_AGGRESSIVE;
				CLANG_CXX_LANGUAGE_STANDARD = "gnu++14";
				CLANG_CXX_LIBRARY = "libc++";
				CLANG_ENABLE_MODULES = YES;
				CLANG_ENABLE_OBJC_ARC = YES;
				CLANG_ENABLE_OBJC_WEAK = YES;
				CLANG_WARN_BLOCK_CAPTURE_AUTORELEASING = YES;
				CLANG_WARN_BOOL_CONVERSION = YES;
				CLANG_WARN_COMMA = YES;
				CLANG_WARN_CONSTANT_CONVERSION = YES;
				CLANG_WARN_DEPRECATED_OBJC_IMPLEMENTATIONS = YES;
				CLANG_WARN_DIRECT_OBJC_ISA_USAGE = YES_ERROR;
				CLANG_WARN_DOCUMENTATION_COMMENTS = YES;
				CLANG_WARN_EMPTY_BODY = YES;
				CLANG_WARN_ENUM_CONVERSION = YES;
				CLANG_WARN_INFINITE_RECURSION = YES;
				CLANG_WARN_INT_CONVERSION = YES;
				CLANG_WARN_NON_LITERAL_NULL_CONVERSION = YES;
				CLANG_WARN_OBJC_IMPLICIT_RETAIN_SELF = YES;
				CLANG_WARN_OBJC_LITERAL_CONVERSION = YES;
				CLANG_WARN_OBJC_ROOT_CLASS = YES_ERROR;
				CLANG_WARN_RANGE_LOOP_ANALYSIS = YES;
				CLANG_WARN_STRICT_PROTOTYPES = YES;
				CLANG_WARN_SUSPICIOUS_MOVE = YES;
				CLANG_WARN_UNGUARDED_AVAILABILITY = YES_AGGRESSIVE;
				CLANG_WARN_UNREACHABLE_CODE = YES;
				CLANG_WARN__DUPLICATE_METHOD_MATCH = YES;
				COPY_PHASE_STRIP = NO;
				DEBUG_INFORMATION_FORMAT = dwarf;
				ENABLE_STRICT_OBJC_MSGSEND = YES;
				ENABLE_TESTABILITY = YES;
				GCC_C_LANGUAGE_STANDARD = gnu11;
				GCC_DYNAMIC_NO_PIC = NO;
				GCC_NO_COMMON_BLOCKS = YES;
				GCC_OPTIMIZATION_LEVEL = 0;
				GCC_PREPROCESSOR_DEFINITIONS = (
					"DEBUG=1",
					"$(inherited)",
				);
				GCC_WARN_64_TO_32_BIT_CONVERSION = YES;
				GCC_WARN_ABOUT_RETURN_TYPE = YES_ERROR;
				GCC_WARN_UNDECLARED_SELECTOR = YES;
				GCC_WARN_UNINITIALIZED_AUTOS = YES_AGGRESSIVE;
				GCC_WARN_UNUSED_FUNCTION = YES;
				GCC_WARN_UNUSED_VARIABLE = YES;
				IPHONEOS_DEPLOYMENT_TARGET = 13.6;
				MTL_ENABLE_DEBUG_INFO = INCLUDE_SOURCE;
				MTL_FAST_MATH = YES;
				ONLY_ACTIVE_ARCH = YES;
				SDKROOT = iphoneos;
				SWIFT_ACTIVE_COMPILATION_CONDITIONS = DEBUG;
				SWIFT_OPTIMIZATION_LEVEL = "-Onone";
			};
			name = Debug;
		};
		3A8F117225262C84002AA5C1 /* Release */ = {
			isa = XCBuildConfiguration;
			buildSettings = {
				ALWAYS_SEARCH_USER_PATHS = NO;
				CLANG_ANALYZER_NONNULL = YES;
				CLANG_ANALYZER_NUMBER_OBJECT_CONVERSION = YES_AGGRESSIVE;
				CLANG_CXX_LANGUAGE_STANDARD = "gnu++14";
				CLANG_CXX_LIBRARY = "libc++";
				CLANG_ENABLE_MODULES = YES;
				CLANG_ENABLE_OBJC_ARC = YES;
				CLANG_ENABLE_OBJC_WEAK = YES;
				CLANG_WARN_BLOCK_CAPTURE_AUTORELEASING = YES;
				CLANG_WARN_BOOL_CONVERSION = YES;
				CLANG_WARN_COMMA = YES;
				CLANG_WARN_CONSTANT_CONVERSION = YES;
				CLANG_WARN_DEPRECATED_OBJC_IMPLEMENTATIONS = YES;
				CLANG_WARN_DIRECT_OBJC_ISA_USAGE = YES_ERROR;
				CLANG_WARN_DOCUMENTATION_COMMENTS = YES;
				CLANG_WARN_EMPTY_BODY = YES;
				CLANG_WARN_ENUM_CONVERSION = YES;
				CLANG_WARN_INFINITE_RECURSION = YES;
				CLANG_WARN_INT_CONVERSION = YES;
				CLANG_WARN_NON_LITERAL_NULL_CONVERSION = YES;
				CLANG_WARN_OBJC_IMPLICIT_RETAIN_SELF = YES;
				CLANG_WARN_OBJC_LITERAL_CONVERSION = YES;
				CLANG_WARN_OBJC_ROOT_CLASS = YES_ERROR;
				CLANG_WARN_RANGE_LOOP_ANALYSIS = YES;
				CLANG_WARN_STRICT_PROTOTYPES = YES;
				CLANG_WARN_SUSPICIOUS_MOVE = YES;
				CLANG_WARN_UNGUARDED_AVAILABILITY = YES_AGGRESSIVE;
				CLANG_WARN_UNREACHABLE_CODE = YES;
				CLANG_WARN__DUPLICATE_METHOD_MATCH = YES;
				COPY_PHASE_STRIP = NO;
				DEBUG_INFORMATION_FORMAT = "dwarf-with-dsym";
				ENABLE_NS_ASSERTIONS = NO;
				ENABLE_STRICT_OBJC_MSGSEND = YES;
				GCC_C_LANGUAGE_STANDARD = gnu11;
				GCC_NO_COMMON_BLOCKS = YES;
				GCC_WARN_64_TO_32_BIT_CONVERSION = YES;
				GCC_WARN_ABOUT_RETURN_TYPE = YES_ERROR;
				GCC_WARN_UNDECLARED_SELECTOR = YES;
				GCC_WARN_UNINITIALIZED_AUTOS = YES_AGGRESSIVE;
				GCC_WARN_UNUSED_FUNCTION = YES;
				GCC_WARN_UNUSED_VARIABLE = YES;
				IPHONEOS_DEPLOYMENT_TARGET = 13.6;
				MTL_ENABLE_DEBUG_INFO = NO;
				MTL_FAST_MATH = YES;
				SDKROOT = iphoneos;
				SWIFT_COMPILATION_MODE = wholemodule;
				SWIFT_OPTIMIZATION_LEVEL = "-O";
				VALIDATE_PRODUCT = YES;
			};
			name = Release;
		};
		3A8F117425262C84002AA5C1 /* Debug */ = {
			isa = XCBuildConfiguration;
			buildSettings = {
				ASSETCATALOG_COMPILER_APPICON_NAME = AppIcon;
				CODE_SIGN_STYLE = Automatic;
				DEVELOPMENT_TEAM = 8J73Q43L2S;
				INFOPLIST_FILE = test/Info.plist;
				LD_RUNPATH_SEARCH_PATHS = (
					"$(inherited)",
					"@executable_path/Frameworks",
				);
				PRODUCT_BUNDLE_IDENTIFIER = lt.1011.test;
				PRODUCT_NAME = "$(TARGET_NAME)";
				SWIFT_VERSION = 5.0;
				TARGETED_DEVICE_FAMILY = "1,2";
			};
			name = Debug;
		};
		3A8F117525262C84002AA5C1 /* Release */ = {
			isa = XCBuildConfiguration;
			buildSettings = {
				ASSETCATALOG_COMPILER_APPICON_NAME = AppIcon;
				CODE_SIGN_STYLE = Automatic;
				DEVELOPMENT_TEAM = 8J73Q43L2S;
				INFOPLIST_FILE = test/Info.plist;
				LD_RUNPATH_SEARCH_PATHS = (
					"$(inherited)",
					"@executable_path/Frameworks",
				);
				PRODUCT_BUNDLE_IDENTIFIER = lt.1011.test;
				PRODUCT_NAME = "$(TARGET_NAME)";
				SWIFT_VERSION = 5.0;
				TARGETED_DEVICE_FAMILY = "1,2";
			};
			name = Release;
		};
/* End XCBuildConfiguration section */

/* Begin XCConfigurationList section */
		3A8F115A25262C82002AA5C1 /* Build configuration list for PBXProject "test" */ = {
			isa = XCConfigurationList;
			buildConfigurations = (
				3A8F117125262C84002AA5C1 /* Debug */,
				3A8F117225262C84002AA5C1 /* Release */,
			);
			defaultConfigurationIsVisible = 0;
			defaultConfigurationName = Release;
		};
		3A8F117325262C84002AA5C1 /* Build configuration list for PBXNativeTarget "test" */ = {
			isa = XCConfigurationList;
			buildConfigurations = (
				3A8F117425262C84002AA5C1 /* Debug */,
				3A8F117525262C84002AA5C1 /* Release */,
			);
			defaultConfigurationIsVisible = 0;
			defaultConfigurationName = Release;
		};
/* End XCConfigurationList section */
	};
	rootObject = 3A8F115725262C82002AA5C1 /* Project object */;
}
